Microsoft Visual Studio Solution File, Format Version 12.00
# Visual Studio Version 17
VisualStudioVersion = 17.5.2.0
MinimumVisualStudioVersion = 10.0.40219.1
Project("{FAE04EC0-301F-11D3-BF4B-00C04F79EFBC}") = "HttpLogger", "HttpLogger.csproj", "{B6B0F4F2-FA57-4B4B-8A1C-1F48D6A6A0B1}"
EndProject
Global
	GlobalSection(SolutionConfigurationPlatforms) = preSolution
		Debug|Any CPU = Debug|Any CPU
		Release|Any CPU = Release|Any CPU
	EndGlobalSection
	GlobalSection(ProjectConfigurationPlatforms) = postSolution
		{B6B0F4F2-FA57-4B4B-8A1C-1F48D6A6A0B1}.Debug|Any CPU.ActiveCfg = Debug|Any CPU
		{B6B0F4F2-FA57-4B4B-8A1C-1F48D6A6A0B1}.Debug|Any CPU.Build.0 = Debug|Any CPU
		{B6B0F4F2-FA57-4B4B-8A1C-1F48D6A6A0B1}.Release|Any CPU.ActiveCfg = Release|Any CPU
		{B6B0F4F2-FA57-4B4B-8A1C-1F48D6A6A0B1}.Release|Any CPU.Build.0 = Release|Any CPU
	EndGlobalSection
	GlobalSection(SolutionProperties) = preSolution
		HideSolutionNode = FALSE
	EndGlobalSection
	GlobalSection(ExtensibilityGlobals) = postSolution
		SolutionGuid = {E1F13E74-67AF-4F4A-A6C1-0FEF2A9E6E12}
	EndGlobalSection
EndGlobal
